
Microsoft Visual Studio Solution File, Format Version 12.00
# Visual Studio Version 17
VisualStudioVersion = 17.9.34714.143
MinimumVisualStudioVersion = 10.0.40219.1
Project("{FAE04EC0-301F-11D3-BF4B-00C04F79EFBC}") = "FundamentalsCSharp", "FundamentalsCSharp.csproj", "{811FFF88-786E-492B-B450-45C547F1EE10}"
EndProject
Global
	GlobalSection(SolutionConfigurationPlatforms) = preSolution
		Debug|Any CPU = Debug|Any CPU
		Release|Any CPU = Release|Any CPU
	EndGlobalSection
	GlobalSection(ProjectConfigurationPlatforms) = postSolution
		{811FFF88-786E-492B-B450-45C547F1EE10}.Debug|Any CPU.ActiveCfg = Debug|Any CPU
		{811FFF88-786E-492B-B450-45C547F1EE10}.Debug|Any CPU.Build.0 = Debug|Any CPU
		{811FFF88-786E-492B-B450-45C547F1EE10}.Release|Any CPU.ActiveCfg = Release|Any CPU
		{811FFF88-786E-492B-B450-45C547F1EE10}.Release|Any CPU.Build.0 = Release|Any CPU
	EndGlobalSection
	GlobalSection(SolutionProperties) = preSolution
		HideSolutionNode = FALSE
	EndGlobalSection
	GlobalSection(ExtensibilityGlobals) = postSolution
		SolutionGuid = {0406629A-2A92-4E9E-B396-25A47956C87C}
	EndGlobalSection
EndGlobal
